# generated by rye
# use `rye lock` or `rye sync` to update this lockfile
#
# last locked with the following flags:
#   pre: false
#   features: []
#   all-features: false

-e file:.
autopep8==2.0.4
certifi==2023.7.22
charset-normalizer==3.2.0
idna==3.4
mypy==1.5.1
mypy-extensions==1.0.0
pycodestyle==2.11.0
requests==2.31.0
tqdm==4.66.1
typing-extensions==4.8.0
urllib3==2.0.4
