# generated by rye
# use `rye lock` or `rye sync` to update this lockfile
#
# last locked with the following flags:
#   pre: false
#   features: []
#   all-features: false

-e file:.
certifi==2023.7.22
charset-normalizer==3.2.0
cssselect==1.2.0
idna==3.4
lxml==4.9.3
pyquery==2.0.0
requests==2.31.0
tqdm==4.66.1
urllib3==2.0.4
